<?xml version="1.0" encoding="utf-8"?>
<Project ToolsVersion="4.0" xmlns="http://schemas.microsoft.com/developer/msbuild/2003">
  <ItemGroup>
    <Filter Include="Source Files">
      <UniqueIdentifier>{4FC737F1-C7A5-4376-A066-2A32D752A2FF}</UniqueIdentifier>
      <Extensions>cpp;c;cc;cxx;c++;cppm;ixx;def;odl;idl;hpj;bat;asm;asmx</Extensions>
    </Filter>
    <Filter Include="Header Files">
      <UniqueIdentifier>{93995380-89BD-4b04-88EB-625FBE52EBFB}</UniqueIdentifier>
      <Extensions>h;hh;hpp;hxx;h++;hm;inl;inc;ipp;xsd</Extensions>
    </Filter>
    <Filter Include="Resource Files">
      <UniqueIdentifier>{67DA6AB6-F800-4c08-8B7A-83BB121AAD01}</UniqueIdentifier>
      <Extensions>rc;ico;cur;bmp;dlg;rc2;rct;bin;rgs;gif;jpg;jpeg;jpe;resx;tiff;tif;png;wav;mfcribbon-ms</Extensions>
    </Filter>
    <Filter Include="Source Files\cpp">
      <UniqueIdentifier>{6b17a76a-45ee-4708-b914-70d0547d353f}</UniqueIdentifier>
    </Filter>
    <Filter Include="Source Files\cpp\services">
      <UniqueIdentifier>{9f85b6a4-e7c9-4e82-9250-1be2d04b28ec}</UniqueIdentifier>
    </Filter>
    <Filter Include="Source Files\cpp\services\ConsoleHandler">
      <UniqueIdentifier>{c416f642-8c3d-410b-aba5-7c2fc2e2fa24}</UniqueIdentifier>
    </Filter>
    <Filter Include="Header Files\services">
      <UniqueIdentifier>{42f413cb-e065-4562-a934-1d29e228febf}</UniqueIdentifier>
    </Filter>
  </ItemGroup>
  <ItemGroup>
    <ClCompile Include="pch.cpp">
      <Filter>Source Files</Filter>
    </ClCompile>
    <ClCompile Include="main.cpp">
      <Filter>Source Files</Filter>
    </ClCompile>
    <ClCompile Include="cpp\services\Console\Service.cpp">
      <Filter>Source Files\cpp\services\ConsoleHandler</Filter>
    </ClCompile>
    <ClCompile Include="cpp\HackHandler.cpp">
      <Filter>Source Files</Filter>
    </ClCompile>
    <ClCompile Include="cpp\services\Hooker\Service.cpp">
      <Filter>Source Files</Filter>
    </ClCompile>
    <ClCompile Include="cpp\utils\CodingUtils.cpp">
      <Filter>Source Files</Filter>
    </ClCompile>
    <ClCompile Include="cpp\services\Features\Service.cpp">
      <Filter>Source Files</Filter>
    </ClCompile>
    <ClCompile Include="cpp\features\TestFeature.cpp">
      <Filter>Source Files</Filter>
    </ClCompile>
    <ClCompile Include="cpp\services\Features\Feature.cpp">
      <Filter>Source Files</Filter>
    </ClCompile>
    <ClCompile Include="cpp\exceptions\AccessViolationException.cpp">
      <Filter>Source Files</Filter>
    </ClCompile>
    <ClCompile Include="cpp\exceptions\NotFoundException.cpp">
      <Filter>Source Files</Filter>
    </ClCompile>
    <ClCompile Include="cpp\services\Hooker\HookData.cpp">
      <Filter>Source Files</Filter>
    </ClCompile>
    <ClCompile Include="cpp\hooks\TestHook.cpp">
      <Filter>Source Files</Filter>
    </ClCompile>
    <ClCompile Include="cpp\services\Hooker\Threads.cpp">
      <Filter>Source Files</Filter>
    </ClCompile>
    <ClCompile Include="cpp\utils\AddressUtils.cpp">
      <Filter>Source Files</Filter>
    </ClCompile>
    <ClCompile Include="cpp\utils\RegistersUtils.cpp">
      <Filter>Source Files</Filter>
    </ClCompile>
    <ClCompile Include="cpp\services\Addresses\Service.cpp">
      <Filter>Source Files</Filter>
    </ClCompile>
  </ItemGroup>
  <ItemGroup>
    <ClInclude Include="headers\pch.h">
      <Filter>Header Files</Filter>
    </ClInclude>
    <ClInclude Include="headers\framework.h">
      <Filter>Header Files</Filter>
    </ClInclude>
    <ClInclude Include="headers\services\Console\Service.h">
      <Filter>Header Files\services</Filter>
    </ClInclude>
    <ClInclude Include="headers\HackHandler.h">
      <Filter>Header Files</Filter>
    </ClInclude>
    <ClInclude Include="headers\services\Hooker\Service.h">
      <Filter>Header Files</Filter>
    </ClInclude>
    <ClInclude Include="headers\services\Hooker\HookData.h">
      <Filter>Header Files</Filter>
    </ClInclude>
    <ClInclude Include="headers\utils\CodingUtils.h">
      <Filter>Header Files</Filter>
    </ClInclude>
    <ClInclude Include="headers\services\Features\Service.h">
      <Filter>Header Files</Filter>
    </ClInclude>
    <ClInclude Include="headers\services\Features\Feature.h">
      <Filter>Header Files</Filter>
    </ClInclude>
    <ClInclude Include="headers\features\TestFeature.h">
      <Filter>Header Files</Filter>
    </ClInclude>
    <ClInclude Include="headers\exceptions\AccessViolationException.h">
      <Filter>Header Files</Filter>
    </ClInclude>
    <ClInclude Include="headers\exceptions\NotFoundException.h">
      <Filter>Header Files</Filter>
    </ClInclude>
    <ClInclude Include="headers\hooks\TestHook.h">
      <Filter>Header Files</Filter>
    </ClInclude>
    <ClInclude Include="headers\utils\AddressUtils.h">
      <Filter>Header Files</Filter>
    </ClInclude>
    <ClInclude Include="headers\utils\RegistersUtils.h">
      <Filter>Header Files</Filter>
    </ClInclude>
    <ClInclude Include="headers\services\Hooker\Skeletons.h">
      <Filter>Header Files</Filter>
    </ClInclude>
    <ClInclude Include="headers\services\Addresses\Addresses.h">
      <Filter>Header Files</Filter>
    </ClInclude>
    <ClInclude Include="headers\services\Addresses\Service.h">
      <Filter>Header Files</Filter>
    </ClInclude>
  </ItemGroup>
</Project>